
Microsoft Visual Studio Solution File, Format Version 12.00
# Visual Studio Version 16
VisualStudioVersion = 16.0.31019.35
MinimumVisualStudioVersion = 10.0.40219.1
Project("{2150E333-8FDC-42A3-9474-1A3956D46DE8}") = "SingletonPattern", "SingletonPattern", "{4710A7E3-70E0-4017-9A44-A5029E1EA9FA}"
EndProject
Project("{FAE04EC0-301F-11D3-BF4B-00C04F79EFBC}") = "Singleton", "Singleton\Singleton.csproj", "{99C54D62-5BC2-4A5D-912B-6D4A57CEAF4E}"
EndProject
Project("{2150E333-8FDC-42A3-9474-1A3956D46DE8}") = "FactoryPattern", "FactoryPattern", "{EF7E8DAF-CBCA-4A95-A0B4-A8EFB0516809}"
EndProject
Project("{2150E333-8FDC-42A3-9474-1A3956D46DE8}") = "Cretional-Patterns", "Cretional-Patterns", "{A3D54277-4B11-49C5-A186-518BC2EB0332}"
EndProject
Project("{FAE04EC0-301F-11D3-BF4B-00C04F79EFBC}") = "Factory", "FactoryMethod\Factory.csproj", "{D23D987E-9BBC-46D1-BEF2-22981E4040E7}"
EndProject
Project("{2150E333-8FDC-42A3-9474-1A3956D46DE8}") = "BuilderPattern", "BuilderPattern", "{69993002-8054-4805-B8DC-F08214BA81D1}"
EndProject
Project("{FAE04EC0-301F-11D3-BF4B-00C04F79EFBC}") = "Builder", "Builder\Builder.csproj", "{947689FD-FF27-4BF7-909B-8D5A8AAC2DED}"
EndProject
Global
	GlobalSection(SolutionConfigurationPlatforms) = preSolution
		Debug|Any CPU = Debug|Any CPU
		Release|Any CPU = Release|Any CPU
	EndGlobalSection
	GlobalSection(ProjectConfigurationPlatforms) = postSolution
		{99C54D62-5BC2-4A5D-912B-6D4A57CEAF4E}.Debug|Any CPU.ActiveCfg = Debug|Any CPU
		{99C54D62-5BC2-4A5D-912B-6D4A57CEAF4E}.Debug|Any CPU.Build.0 = Debug|Any CPU
		{99C54D62-5BC2-4A5D-912B-6D4A57CEAF4E}.Release|Any CPU.ActiveCfg = Release|Any CPU
		{99C54D62-5BC2-4A5D-912B-6D4A57CEAF4E}.Release|Any CPU.Build.0 = Release|Any CPU
		{D23D987E-9BBC-46D1-BEF2-22981E4040E7}.Debug|Any CPU.ActiveCfg = Debug|Any CPU
		{D23D987E-9BBC-46D1-BEF2-22981E4040E7}.Debug|Any CPU.Build.0 = Debug|Any CPU
		{D23D987E-9BBC-46D1-BEF2-22981E4040E7}.Release|Any CPU.ActiveCfg = Release|Any CPU
		{D23D987E-9BBC-46D1-BEF2-22981E4040E7}.Release|Any CPU.Build.0 = Release|Any CPU
		{947689FD-FF27-4BF7-909B-8D5A8AAC2DED}.Debug|Any CPU.ActiveCfg = Debug|Any CPU
		{947689FD-FF27-4BF7-909B-8D5A8AAC2DED}.Debug|Any CPU.Build.0 = Debug|Any CPU
		{947689FD-FF27-4BF7-909B-8D5A8AAC2DED}.Release|Any CPU.ActiveCfg = Release|Any CPU
		{947689FD-FF27-4BF7-909B-8D5A8AAC2DED}.Release|Any CPU.Build.0 = Release|Any CPU
	EndGlobalSection
	GlobalSection(SolutionProperties) = preSolution
		HideSolutionNode = FALSE
	EndGlobalSection
	GlobalSection(NestedProjects) = preSolution
		{4710A7E3-70E0-4017-9A44-A5029E1EA9FA} = {A3D54277-4B11-49C5-A186-518BC2EB0332}
		{99C54D62-5BC2-4A5D-912B-6D4A57CEAF4E} = {4710A7E3-70E0-4017-9A44-A5029E1EA9FA}
		{EF7E8DAF-CBCA-4A95-A0B4-A8EFB0516809} = {A3D54277-4B11-49C5-A186-518BC2EB0332}
		{D23D987E-9BBC-46D1-BEF2-22981E4040E7} = {EF7E8DAF-CBCA-4A95-A0B4-A8EFB0516809}
		{69993002-8054-4805-B8DC-F08214BA81D1} = {A3D54277-4B11-49C5-A186-518BC2EB0332}
		{947689FD-FF27-4BF7-909B-8D5A8AAC2DED} = {69993002-8054-4805-B8DC-F08214BA81D1}
	EndGlobalSection
	GlobalSection(ExtensibilityGlobals) = postSolution
		SolutionGuid = {16BA0E1C-93E6-4787-92EC-A38D1A09F9FC}
	EndGlobalSection
EndGlobal
